// !$*UTF8*$!
{
	archiveVersion = 1;
	classes = {
	};
	objectVersion = 50;
	objects = {

/* Begin PBXBuildFile section */
		10E93F77F094619248173722 /* Pods_BNK_APPTests.framework in Frameworks */ = {isa = PBXBuildFile; fileRef = 6282670696461466599E472D /* Pods_BNK_APPTests.framework */; };
		566BC6B94FD7D0C65048AF79 /* Pods_BNK_APPUITests.framework in Frameworks */ = {isa = PBXBuildFile; fileRef = B3FF3F19F9498D974F66DF2E /* Pods_BNK_APPUITests.framework */; };
		9CBE65B922BCC9B900F7FA5B /* AppDelegate.swift in Sources */ = {isa = PBXBuildFile; fileRef = 9CBE65B822BCC9B900F7FA5B /* AppDelegate.swift */; };
		9CBE65BB22BCC9B900F7FA5B /* ViewController.swift in Sources */ = {isa = PBXBuildFile; fileRef = 9CBE65BA22BCC9B900F7FA5B /* ViewController.swift */; };
		9CBE65BE22BCC9B900F7FA5B /* Main.storyboard in Resources */ = {isa = PBXBuildFile; fileRef = 9CBE65BC22BCC9B900F7FA5B /* Main.storyboard */; };
		9CBE65C022BCC9BA00F7FA5B /* Assets.xcassets in Resources */ = {isa = PBXBuildFile; fileRef = 9CBE65BF22BCC9BA00F7FA5B /* Assets.xcassets */; };
		9CBE65C322BCC9BA00F7FA5B /* LaunchScreen.storyboard in Resources */ = {isa = PBXBuildFile; fileRef = 9CBE65C122BCC9BA00F7FA5B /* LaunchScreen.storyboard */; };
		9CBE65CE22BCC9BA00F7FA5B /* BNK_APPTests.swift in Sources */ = {isa = PBXBuildFile; fileRef = 9CBE65CD22BCC9BA00F7FA5B /* BNK_APPTests.swift */; };
		9CBE65D922BCC9BA00F7FA5B /* BNK_APPUITests.swift in Sources */ = {isa = PBXBuildFile; fileRef = 9CBE65D822BCC9BA00F7FA5B /* BNK_APPUITests.swift */; };
		9CBE65EF22BCCB3E00F7FA5B /* ScheduleVC.swift in Sources */ = {isa = PBXBuildFile; fileRef = 9CBE65EE22BCCB3E00F7FA5B /* ScheduleVC.swift */; };
		9CBE65F322BCCB7D00F7FA5B /* Font.swift in Sources */ = {isa = PBXBuildFile; fileRef = 9CBE65F022BCCB7D00F7FA5B /* Font.swift */; };
		9CBE65F422BCCB7D00F7FA5B /* VC.swift in Sources */ = {isa = PBXBuildFile; fileRef = 9CBE65F122BCCB7D00F7FA5B /* VC.swift */; };
		9CBE65F522BCCB7D00F7FA5B /* UiApplication.swift in Sources */ = {isa = PBXBuildFile; fileRef = 9CBE65F222BCCB7D00F7FA5B /* UiApplication.swift */; };
		9CBE65FB22BCCB8500F7FA5B /* BaseXibView.swift in Sources */ = {isa = PBXBuildFile; fileRef = 9CBE65F622BCCB8500F7FA5B /* BaseXibView.swift */; };
		9CBE65FC22BCCB8500F7FA5B /* Alert.swift in Sources */ = {isa = PBXBuildFile; fileRef = 9CBE65F722BCCB8500F7FA5B /* Alert.swift */; };
		9CBE65FD22BCCB8500F7FA5B /* LoadingXibView.swift in Sources */ = {isa = PBXBuildFile; fileRef = 9CBE65F822BCCB8500F7FA5B /* LoadingXibView.swift */; };
		9CBE65FE22BCCB8500F7FA5B /* LoadingXibView.xib in Resources */ = {isa = PBXBuildFile; fileRef = 9CBE65F922BCCB8500F7FA5B /* LoadingXibView.xib */; };
		9CBE65FF22BCCB8500F7FA5B /* BaseClass.swift in Sources */ = {isa = PBXBuildFile; fileRef = 9CBE65FA22BCCB8500F7FA5B /* BaseClass.swift */; };
		9CBE660122BCCBF000F7FA5B /* SchedulePresenter.swift in Sources */ = {isa = PBXBuildFile; fileRef = 9CBE660022BCCBF000F7FA5B /* SchedulePresenter.swift */; };
		9CBE660322BCCC5C00F7FA5B /* Schedule.storyboard in Resources */ = {isa = PBXBuildFile; fileRef = 9CBE660222BCCC5C00F7FA5B /* Schedule.storyboard */; };
		9CBE660622BCCE6500F7FA5B /* BaseApi.swift in Sources */ = {isa = PBXBuildFile; fileRef = 9CBE660522BCCE6500F7FA5B /* BaseApi.swift */; };
		9CBE660C22BE7FDA00F7FA5B /* GetSchedule.swift in Sources */ = {isa = PBXBuildFile; fileRef = 9CBE660B22BE7FDA00F7FA5B /* GetSchedule.swift */; };
		9CBE660F22C08A7800F7FA5B /* Config.swift in Sources */ = {isa = PBXBuildFile; fileRef = 9CBE660E22C08A7800F7FA5B /* Config.swift */; };
		9CBE661322C0912C00F7FA5B /* GetScheduleData.swift in Sources */ = {isa = PBXBuildFile; fileRef = 9CBE661222C0912C00F7FA5B /* GetScheduleData.swift */; };
		9CBE661522C0970300F7FA5B /* ScheduleViewCell.swift in Sources */ = {isa = PBXBuildFile; fileRef = 9CBE661422C0970300F7FA5B /* ScheduleViewCell.swift */; };
		9CBE661A22C0CF0B00F7FA5B /* SplashScreen.storyboard in Resources */ = {isa = PBXBuildFile; fileRef = 9CBE661922C0CF0B00F7FA5B /* SplashScreen.storyboard */; };
		9CBE661D22C0CF1F00F7FA5B /* SplashScreenVC.swift in Sources */ = {isa = PBXBuildFile; fileRef = 9CBE661C22C0CF1F00F7FA5B /* SplashScreenVC.swift */; };
		9CBE662022C0CF8000F7FA5B /* SplashScreenRouter.swift in Sources */ = {isa = PBXBuildFile; fileRef = 9CBE661F22C0CF8000F7FA5B /* SplashScreenRouter.swift */; };
		9CBE662222C0CFC500F7FA5B /* BaseRouter.swift in Sources */ = {isa = PBXBuildFile; fileRef = 9CBE662122C0CFC500F7FA5B /* BaseRouter.swift */; };
		9CBE662522C1D2DE00F7FA5B /* DateFormatComponent.swift in Sources */ = {isa = PBXBuildFile; fileRef = 9CBE662422C1D2DE00F7FA5B /* DateFormatComponent.swift */; };
		9CBE662B22C2252400F7FA5B /* InstagramVC.swift in Sources */ = {isa = PBXBuildFile; fileRef = 9CBE662A22C2252400F7FA5B /* InstagramVC.swift */; };
		9CBE662D22C2259B00F7FA5B /* InstagramPresenter.swift in Sources */ = {isa = PBXBuildFile; fileRef = 9CBE662C22C2259B00F7FA5B /* InstagramPresenter.swift */; };
		9CBE662F22C22AD100F7FA5B /* Instagram.storyboard in Resources */ = {isa = PBXBuildFile; fileRef = 9CBE662E22C22AD100F7FA5B /* Instagram.storyboard */; };
		9CBE663422C22C3D00F7FA5B /* HomeVC.swift in Sources */ = {isa = PBXBuildFile; fileRef = 9CBE663322C22C3D00F7FA5B /* HomeVC.swift */; };
		9CBE663622C22C7600F7FA5B /* HomePresenter.swift in Sources */ = {isa = PBXBuildFile; fileRef = 9CBE663522C22C7600F7FA5B /* HomePresenter.swift */; };
		ED5EA5ED3D9B89CACBCEB29A /* Pods_BNK_APP.framework in Frameworks */ = {isa = PBXBuildFile; fileRef = 9F40A3C2EEA08A4A52D4E2CC /* Pods_BNK_APP.framework */; };
/* End PBXBuildFile section */

/* Begin PBXContainerItemProxy section */
		9CBE65CA22BCC9BA00F7FA5B /* PBXContainerItemProxy */ = {
			isa = PBXContainerItemProxy;
			containerPortal = 9CBE65AD22BCC9B900F7FA5B /* Project object */;
			proxyType = 1;
			remoteGlobalIDString = 9CBE65B422BCC9B900F7FA5B;
			remoteInfo = BNK_APP;
		};
		9CBE65D522BCC9BA00F7FA5B /* PBXContainerItemProxy */ = {
			isa = PBXContainerItemProxy;
			containerPortal = 9CBE65AD22BCC9B900F7FA5B /* Project object */;
			proxyType = 1;
			remoteGlobalIDString = 9CBE65B422BCC9B900F7FA5B;
			remoteInfo = BNK_APP;
		};
/* End PBXContainerItemProxy section */

/* Begin PBXFileReference section */
		52E3B28A2B1A0C3BB8C6D6D5 /* Pods-BNK_APP.debug.xcconfig */ = {isa = PBXFileReference; includeInIndex = 1; lastKnownFileType = text.xcconfig; name = "Pods-BNK_APP.debug.xcconfig"; path = "Target Support Files/Pods-BNK_APP/Pods-BNK_APP.debug.xcconfig"; sourceTree = "<group>"; };
		6282670696461466599E472D /* Pods_BNK_APPTests.framework */ = {isa = PBXFileReference; explicitFileType = wrapper.framework; includeInIndex = 0; path = Pods_BNK_APPTests.framework; sourceTree = BUILT_PRODUCTS_DIR; };
		9CBE65B522BCC9B900F7FA5B /* BNK_APP.app */ = {isa = PBXFileReference; explicitFileType = wrapper.application; includeInIndex = 0; path = BNK_APP.app; sourceTree = BUILT_PRODUCTS_DIR; };
		9CBE65B822BCC9B900F7FA5B /* AppDelegate.swift */ = {isa = PBXFileReference; lastKnownFileType = sourcecode.swift; path = AppDelegate.swift; sourceTree = "<group>"; };
		9CBE65BA22BCC9B900F7FA5B /* ViewController.swift */ = {isa = PBXFileReference; lastKnownFileType = sourcecode.swift; path = ViewController.swift; sourceTree = "<group>"; };
		9CBE65BD22BCC9B900F7FA5B /* Base */ = {isa = PBXFileReference; lastKnownFileType = file.storyboard; name = Base; path = Base.lproj/Main.storyboard; sourceTree = "<group>"; };
		9CBE65BF22BCC9BA00F7FA5B /* Assets.xcassets */ = {isa = PBXFileReference; lastKnownFileType = folder.assetcatalog; path = Assets.xcassets; sourceTree = "<group>"; };
		9CBE65C222BCC9BA00F7FA5B /* Base */ = {isa = PBXFileReference; lastKnownFileType = file.storyboard; name = Base; path = Base.lproj/LaunchScreen.storyboard; sourceTree = "<group>"; };
		9CBE65C422BCC9BA00F7FA5B /* Info.plist */ = {isa = PBXFileReference; lastKnownFileType = text.plist.xml; path = Info.plist; sourceTree = "<group>"; };
		9CBE65C922BCC9BA00F7FA5B /* BNK_APPTests.xctest */ = {isa = PBXFileReference; explicitFileType = wrapper.cfbundle; includeInIndex = 0; path = BNK_APPTests.xctest; sourceTree = BUILT_PRODUCTS_DIR; };
		9CBE65CD22BCC9BA00F7FA5B /* BNK_APPTests.swift */ = {isa = PBXFileReference; lastKnownFileType = sourcecode.swift; path = BNK_APPTests.swift; sourceTree = "<group>"; };
		9CBE65CF22BCC9BA00F7FA5B /* Info.plist */ = {isa = PBXFileReference; lastKnownFileType = text.plist.xml; path = Info.plist; sourceTree = "<group>"; };
		9CBE65D422BCC9BA00F7FA5B /* BNK_APPUITests.xctest */ = {isa = PBXFileReference; explicitFileType = wrapper.cfbundle; includeInIndex = 0; path = BNK_APPUITests.xctest; sourceTree = BUILT_PRODUCTS_DIR; };
		9CBE65D822BCC9BA00F7FA5B /* BNK_APPUITests.swift */ = {isa = PBXFileReference; lastKnownFileType = sourcecode.swift; path = BNK_APPUITests.swift; sourceTree = "<group>"; };
		9CBE65DA22BCC9BA00F7FA5B /* Info.plist */ = {isa = PBXFileReference; lastKnownFileType = text.plist.xml; path = Info.plist; sourceTree = "<group>"; };
		9CBE65EE22BCCB3E00F7FA5B /* ScheduleVC.swift */ = {isa = PBXFileReference; lastKnownFileType = sourcecode.swift; path = ScheduleVC.swift; sourceTree = "<group>"; };
		9CBE65F022BCCB7D00F7FA5B /* Font.swift */ = {isa = PBXFileReference; fileEncoding = 4; lastKnownFileType = sourcecode.swift; path = Font.swift; sourceTree = "<group>"; };
		9CBE65F122BCCB7D00F7FA5B /* VC.swift */ = {isa = PBXFileReference; fileEncoding = 4; lastKnownFileType = sourcecode.swift; path = VC.swift; sourceTree = "<group>"; };
		9CBE65F222BCCB7D00F7FA5B /* UiApplication.swift */ = {isa = PBXFileReference; fileEncoding = 4; lastKnownFileType = sourcecode.swift; path = UiApplication.swift; sourceTree = "<group>"; };
		9CBE65F622BCCB8500F7FA5B /* BaseXibView.swift */ = {isa = PBXFileReference; fileEncoding = 4; lastKnownFileType = sourcecode.swift; path = BaseXibView.swift; sourceTree = "<group>"; };
		9CBE65F722BCCB8500F7FA5B /* Alert.swift */ = {isa = PBXFileReference; fileEncoding = 4; lastKnownFileType = sourcecode.swift; path = Alert.swift; sourceTree = "<group>"; };
		9CBE65F822BCCB8500F7FA5B /* LoadingXibView.swift */ = {isa = PBXFileReference; fileEncoding = 4; lastKnownFileType = sourcecode.swift; path = LoadingXibView.swift; sourceTree = "<group>"; };
		9CBE65F922BCCB8500F7FA5B /* LoadingXibView.xib */ = {isa = PBXFileReference; fileEncoding = 4; lastKnownFileType = file.xib; path = LoadingXibView.xib; sourceTree = "<group>"; };
		9CBE65FA22BCCB8500F7FA5B /* BaseClass.swift */ = {isa = PBXFileReference; fileEncoding = 4; lastKnownFileType = sourcecode.swift; path = BaseClass.swift; sourceTree = "<group>"; };
		9CBE660022BCCBF000F7FA5B /* SchedulePresenter.swift */ = {isa = PBXFileReference; lastKnownFileType = sourcecode.swift; path = SchedulePresenter.swift; sourceTree = "<group>"; };
		9CBE660222BCCC5C00F7FA5B /* Schedule.storyboard */ = {isa = PBXFileReference; lastKnownFileType = file.storyboard; path = Schedule.storyboard; sourceTree = "<group>"; };
		9CBE660522BCCE6500F7FA5B /* BaseApi.swift */ = {isa = PBXFileReference; lastKnownFileType = sourcecode.swift; path = BaseApi.swift; sourceTree = "<group>"; };
		9CBE660B22BE7FDA00F7FA5B /* GetSchedule.swift */ = {isa = PBXFileReference; lastKnownFileType = sourcecode.swift; path = GetSchedule.swift; sourceTree = "<group>"; };
		9CBE660E22C08A7800F7FA5B /* Config.swift */ = {isa = PBXFileReference; lastKnownFileType = sourcecode.swift; path = Config.swift; sourceTree = "<group>"; };
		9CBE661222C0912C00F7FA5B /* GetScheduleData.swift */ = {isa = PBXFileReference; lastKnownFileType = sourcecode.swift; path = GetScheduleData.swift; sourceTree = "<group>"; };
		9CBE661422C0970300F7FA5B /* ScheduleViewCell.swift */ = {isa = PBXFileReference; lastKnownFileType = sourcecode.swift; path = ScheduleViewCell.swift; sourceTree = "<group>"; };
		9CBE661922C0CF0B00F7FA5B /* SplashScreen.storyboard */ = {isa = PBXFileReference; lastKnownFileType = file.storyboard; path = SplashScreen.storyboard; sourceTree = "<group>"; };
		9CBE661C22C0CF1F00F7FA5B /* SplashScreenVC.swift */ = {isa = PBXFileReference; lastKnownFileType = sourcecode.swift; path = SplashScreenVC.swift; sourceTree = "<group>"; };
		9CBE661F22C0CF8000F7FA5B /* SplashScreenRouter.swift */ = {isa = PBXFileReference; lastKnownFileType = sourcecode.swift; path = SplashScreenRouter.swift; sourceTree = "<group>"; };
		9CBE662122C0CFC500F7FA5B /* BaseRouter.swift */ = {isa = PBXFileReference; fileEncoding = 4; lastKnownFileType = sourcecode.swift; path = BaseRouter.swift; sourceTree = "<group>"; };
		9CBE662422C1D2DE00F7FA5B /* DateFormatComponent.swift */ = {isa = PBXFileReference; fileEncoding = 4; lastKnownFileType = sourcecode.swift; path = DateFormatComponent.swift; sourceTree = "<group>"; };
		9CBE662A22C2252400F7FA5B /* InstagramVC.swift */ = {isa = PBXFileReference; lastKnownFileType = sourcecode.swift; path = InstagramVC.swift; sourceTree = "<group>"; };
		9CBE662C22C2259B00F7FA5B /* InstagramPresenter.swift */ = {isa = PBXFileReference; lastKnownFileType = sourcecode.swift; path = InstagramPresenter.swift; sourceTree = "<group>"; };
		9CBE662E22C22AD100F7FA5B /* Instagram.storyboard */ = {isa = PBXFileReference; lastKnownFileType = file.storyboard; path = Instagram.storyboard; sourceTree = "<group>"; };
		9CBE663322C22C3D00F7FA5B /* HomeVC.swift */ = {isa = PBXFileReference; lastKnownFileType = sourcecode.swift; path = HomeVC.swift; sourceTree = "<group>"; };
		9CBE663522C22C7600F7FA5B /* HomePresenter.swift */ = {isa = PBXFileReference; lastKnownFileType = sourcecode.swift; path = HomePresenter.swift; sourceTree = "<group>"; };
		9F40A3C2EEA08A4A52D4E2CC /* Pods_BNK_APP.framework */ = {isa = PBXFileReference; explicitFileType = wrapper.framework; includeInIndex = 0; path = Pods_BNK_APP.framework; sourceTree = BUILT_PRODUCTS_DIR; };
		A69FA7589969482ADA2A7EBA /* Pods-BNK_APPTests.debug.xcconfig */ = {isa = PBXFileReference; includeInIndex = 1; lastKnownFileType = text.xcconfig; name = "Pods-BNK_APPTests.debug.xcconfig"; path = "Target Support Files/Pods-BNK_APPTests/Pods-BNK_APPTests.debug.xcconfig"; sourceTree = "<group>"; };
		B3FF3F19F9498D974F66DF2E /* Pods_BNK_APPUITests.framework */ = {isa = PBXFileReference; explicitFileType = wrapper.framework; includeInIndex = 0; path = Pods_BNK_APPUITests.framework; sourceTree = BUILT_PRODUCTS_DIR; };
		B689E3A4DC6797E8D15B67E7 /* Pods-BNK_APPUITests.debug.xcconfig */ = {isa = PBXFileReference; includeInIndex = 1; lastKnownFileType = text.xcconfig; name = "Pods-BNK_APPUITests.debug.xcconfig"; path = "Target Support Files/Pods-BNK_APPUITests/Pods-BNK_APPUITests.debug.xcconfig"; sourceTree = "<group>"; };
		B80C416DF16544FB86772D16 /* Pods-BNK_APP.release.xcconfig */ = {isa = PBXFileReference; includeInIndex = 1; lastKnownFileType = text.xcconfig; name = "Pods-BNK_APP.release.xcconfig"; path = "Target Support Files/Pods-BNK_APP/Pods-BNK_APP.release.xcconfig"; sourceTree = "<group>"; };
		E9609D99F8E5122B7AF5088C /* Pods-BNK_APPTests.release.xcconfig */ = {isa = PBXFileReference; includeInIndex = 1; lastKnownFileType = text.xcconfig; name = "Pods-BNK_APPTests.release.xcconfig"; path = "Target Support Files/Pods-BNK_APPTests/Pods-BNK_APPTests.release.xcconfig"; sourceTree = "<group>"; };
		F42A644F609AE4FDBFACBD9D /* Pods-BNK_APPUITests.release.xcconfig */ = {isa = PBXFileReference; includeInIndex = 1; lastKnownFileType = text.xcconfig; name = "Pods-BNK_APPUITests.release.xcconfig"; path = "Target Support Files/Pods-BNK_APPUITests/Pods-BNK_APPUITests.release.xcconfig"; sourceTree = "<group>"; };
/* End PBXFileReference section */

/* Begin PBXFrameworksBuildPhase section */
		9CBE65B222BCC9B900F7FA5B /* Frameworks */ = {
			isa = PBXFrameworksBuildPhase;
			buildActionMask = 2147483647;
			files = (
				ED5EA5ED3D9B89CACBCEB29A /* Pods_BNK_APP.framework in Frameworks */,
			);
			runOnlyForDeploymentPostprocessing = 0;
		};
		9CBE65C622BCC9BA00F7FA5B /* Frameworks */ = {
			isa = PBXFrameworksBuildPhase;
			buildActionMask = 2147483647;
			files = (
				10E93F77F094619248173722 /* Pods_BNK_APPTests.framework in Frameworks */,
			);
			runOnlyForDeploymentPostprocessing = 0;
		};
		9CBE65D122BCC9BA00F7FA5B /* Frameworks */ = {
			isa = PBXFrameworksBuildPhase;
			buildActionMask = 2147483647;
			files = (
				566BC6B94FD7D0C65048AF79 /* Pods_BNK_APPUITests.framework in Frameworks */,
			);
			runOnlyForDeploymentPostprocessing = 0;
		};
/* End PBXFrameworksBuildPhase section */

/* Begin PBXGroup section */
		80F660AC99ABA79593E28312 /* Pods */ = {
			isa = PBXGroup;
			children = (
				52E3B28A2B1A0C3BB8C6D6D5 /* Pods-BNK_APP.debug.xcconfig */,
				B80C416DF16544FB86772D16 /* Pods-BNK_APP.release.xcconfig */,
				A69FA7589969482ADA2A7EBA /* Pods-BNK_APPTests.debug.xcconfig */,
				E9609D99F8E5122B7AF5088C /* Pods-BNK_APPTests.release.xcconfig */,
				B689E3A4DC6797E8D15B67E7 /* Pods-BNK_APPUITests.debug.xcconfig */,
				F42A644F609AE4FDBFACBD9D /* Pods-BNK_APPUITests.release.xcconfig */,
			);
			path = Pods;
			sourceTree = "<group>";
		};
		9CBE65AC22BCC9B900F7FA5B = {
			isa = PBXGroup;
			children = (
				9CBE65B722BCC9B900F7FA5B /* BNK_APP */,
				9CBE65CC22BCC9BA00F7FA5B /* BNK_APPTests */,
				9CBE65D722BCC9BA00F7FA5B /* BNK_APPUITests */,
				9CBE65B622BCC9B900F7FA5B /* Products */,
				80F660AC99ABA79593E28312 /* Pods */,
				CC17FE3D77F504DF0300474D /* Frameworks */,
			);
			sourceTree = "<group>";
		};
		9CBE65B622BCC9B900F7FA5B /* Products */ = {
			isa = PBXGroup;
			children = (
				9CBE65B522BCC9B900F7FA5B /* BNK_APP.app */,
				9CBE65C922BCC9BA00F7FA5B /* BNK_APPTests.xctest */,
				9CBE65D422BCC9BA00F7FA5B /* BNK_APPUITests.xctest */,
			);
			name = Products;
			sourceTree = "<group>";
		};
		9CBE65B722BCC9B900F7FA5B /* BNK_APP */ = {
			isa = PBXGroup;
			children = (
				9CBE661022C090F100F7FA5B /* DataLayer */,
				9CBE660A22BE7FB600F7FA5B /* ServiceLayer */,
				9CBE660422BCCE0700F7FA5B /* Api */,
				9CBE65E822BCC9DA00F7FA5B /* Extension */,
				9CBE65E722BCC9D500F7FA5B /* Base */,
				9CBE65E622BCC9CD00F7FA5B /* Screen */,
				9CBE65B822BCC9B900F7FA5B /* AppDelegate.swift */,
				9CBE65BA22BCC9B900F7FA5B /* ViewController.swift */,
				9CBE65BC22BCC9B900F7FA5B /* Main.storyboard */,
				9CBE65BF22BCC9BA00F7FA5B /* Assets.xcassets */,
				9CBE65C122BCC9BA00F7FA5B /* LaunchScreen.storyboard */,
				9CBE65C422BCC9BA00F7FA5B /* Info.plist */,
			);
			path = BNK_APP;
			sourceTree = "<group>";
		};
		9CBE65CC22BCC9BA00F7FA5B /* BNK_APPTests */ = {
			isa = PBXGroup;
			children = (
				9CBE65CD22BCC9BA00F7FA5B /* BNK_APPTests.swift */,
				9CBE65CF22BCC9BA00F7FA5B /* Info.plist */,
			);
			path = BNK_APPTests;
			sourceTree = "<group>";
		};
		9CBE65D722BCC9BA00F7FA5B /* BNK_APPUITests */ = {
			isa = PBXGroup;
			children = (
				9CBE65D822BCC9BA00F7FA5B /* BNK_APPUITests.swift */,
				9CBE65DA22BCC9BA00F7FA5B /* Info.plist */,
			);
			path = BNK_APPUITests;
			sourceTree = "<group>";
		};
		9CBE65E622BCC9CD00F7FA5B /* Screen */ = {
			isa = PBXGroup;
			children = (
				9CBE663022C22B4800F7FA5B /* Home */,
				9CBE662622C2250200F7FA5B /* Instagram */,
				9CBE661822C0CEF900F7FA5B /* SplashScreen */,
				9CBE65E922BCCAB000F7FA5B /* Schedule */,
			);
			path = Screen;
			sourceTree = "<group>";
		};
		9CBE65E722BCC9D500F7FA5B /* Base */ = {
			isa = PBXGroup;
			children = (
				9CBE662422C1D2DE00F7FA5B /* DateFormatComponent.swift */,
				9CBE662122C0CFC500F7FA5B /* BaseRouter.swift */,
				9CBE65F722BCCB8500F7FA5B /* Alert.swift */,
				9CBE65FA22BCCB8500F7FA5B /* BaseClass.swift */,
				9CBE65F622BCCB8500F7FA5B /* BaseXibView.swift */,
				9CBE65F822BCCB8500F7FA5B /* LoadingXibView.swift */,
				9CBE65F922BCCB8500F7FA5B /* LoadingXibView.xib */,
			);
			path = Base;
			sourceTree = "<group>";
		};
		9CBE65E822BCC9DA00F7FA5B /* Extension */ = {
			isa = PBXGroup;
			children = (
				9CBE65F022BCCB7D00F7FA5B /* Font.swift */,
				9CBE65F222BCCB7D00F7FA5B /* UiApplication.swift */,
				9CBE65F122BCCB7D00F7FA5B /* VC.swift */,
			);
			path = Extension;
			sourceTree = "<group>";
		};
		9CBE65E922BCCAB000F7FA5B /* Schedule */ = {
			isa = PBXGroup;
			children = (
				9CBE65ED22BCCB2C00F7FA5B /* Router */,
				9CBE65EC22BCCB2700F7FA5B /* Model */,
				9CBE65EB22BCCB2000F7FA5B /* Presenter */,
				9CBE65EA22BCCB1900F7FA5B /* VC */,
				9CBE660222BCCC5C00F7FA5B /* Schedule.storyboard */,
			);
			path = Schedule;
			sourceTree = "<group>";
		};
		9CBE65EA22BCCB1900F7FA5B /* VC */ = {
			isa = PBXGroup;
			children = (
				9CBE65EE22BCCB3E00F7FA5B /* ScheduleVC.swift */,
				9CBE661422C0970300F7FA5B /* ScheduleViewCell.swift */,
			);
			path = VC;
			sourceTree = "<group>";
		};
		9CBE65EB22BCCB2000F7FA5B /* Presenter */ = {
			isa = PBXGroup;
			children = (
				9CBE660022BCCBF000F7FA5B /* SchedulePresenter.swift */,
			);
			path = Presenter;
			sourceTree = "<group>";
		};
		9CBE65EC22BCCB2700F7FA5B /* Model */ = {
			isa = PBXGroup;
			children = (
			);
			path = Model;
			sourceTree = "<group>";
		};
		9CBE65ED22BCCB2C00F7FA5B /* Router */ = {
			isa = PBXGroup;
			children = (
			);
			path = Router;
			sourceTree = "<group>";
		};
		9CBE660422BCCE0700F7FA5B /* Api */ = {
			isa = PBXGroup;
			children = (
				9CBE660522BCCE6500F7FA5B /* BaseApi.swift */,
			);
			path = Api;
			sourceTree = "<group>";
		};
		9CBE660A22BE7FB600F7FA5B /* ServiceLayer */ = {
			isa = PBXGroup;
			children = (
				9CBE660E22C08A7800F7FA5B /* Config.swift */,
				9CBE660D22C0847700F7FA5B /* GetSchedule */,
			);
			path = ServiceLayer;
			sourceTree = "<group>";
		};
		9CBE660D22C0847700F7FA5B /* GetSchedule */ = {
			isa = PBXGroup;
			children = (
				9CBE660B22BE7FDA00F7FA5B /* GetSchedule.swift */,
			);
			path = GetSchedule;
			sourceTree = "<group>";
		};
		9CBE661022C090F100F7FA5B /* DataLayer */ = {
			isa = PBXGroup;
			children = (
				9CBE661122C0910300F7FA5B /* GetSchdule */,
			);
			path = DataLayer;
			sourceTree = "<group>";
		};
		9CBE661122C0910300F7FA5B /* GetSchdule */ = {
			isa = PBXGroup;
			children = (
				9CBE661222C0912C00F7FA5B /* GetScheduleData.swift */,
			);
			path = GetSchdule;
			sourceTree = "<group>";
		};
		9CBE661822C0CEF900F7FA5B /* SplashScreen */ = {
			isa = PBXGroup;
			children = (
				9CBE661E22C0CF6D00F7FA5B /* Router */,
				9CBE661B22C0CF1100F7FA5B /* VC */,
				9CBE661922C0CF0B00F7FA5B /* SplashScreen.storyboard */,
			);
			path = SplashScreen;
			sourceTree = "<group>";
		};
		9CBE661B22C0CF1100F7FA5B /* VC */ = {
			isa = PBXGroup;
			children = (
				9CBE661C22C0CF1F00F7FA5B /* SplashScreenVC.swift */,
			);
			path = VC;
			sourceTree = "<group>";
		};
		9CBE661E22C0CF6D00F7FA5B /* Router */ = {
			isa = PBXGroup;
			children = (
				9CBE661F22C0CF8000F7FA5B /* SplashScreenRouter.swift */,
			);
			path = Router;
			sourceTree = "<group>";
		};
		9CBE662622C2250200F7FA5B /* Instagram */ = {
			isa = PBXGroup;
			children = (
				9CBE662922C2251400F7FA5B /* Model */,
				9CBE662822C2250E00F7FA5B /* Presenter */,
				9CBE662722C2250900F7FA5B /* VC */,
				9CBE662E22C22AD100F7FA5B /* Instagram.storyboard */,
			);
			path = Instagram;
			sourceTree = "<group>";
		};
		9CBE662722C2250900F7FA5B /* VC */ = {
			isa = PBXGroup;
			children = (
				9CBE662A22C2252400F7FA5B /* InstagramVC.swift */,
			);
			path = VC;
			sourceTree = "<group>";
		};
		9CBE662822C2250E00F7FA5B /* Presenter */ = {
			isa = PBXGroup;
			children = (
				9CBE662C22C2259B00F7FA5B /* InstagramPresenter.swift */,
			);
			path = Presenter;
			sourceTree = "<group>";
		};
		9CBE662922C2251400F7FA5B /* Model */ = {
			isa = PBXGroup;
			children = (
			);
			path = Model;
			sourceTree = "<group>";
		};
		9CBE663022C22B4800F7FA5B /* Home */ = {
			isa = PBXGroup;
			children = (
				9CBE663222C22C2D00F7FA5B /* Presenter */,
				9CBE663122C22C2800F7FA5B /* VC */,
			);
			path = Home;
			sourceTree = "<group>";
		};
		9CBE663122C22C2800F7FA5B /* VC */ = {
			isa = PBXGroup;
			children = (
				9CBE663322C22C3D00F7FA5B /* HomeVC.swift */,
			);
			path = VC;
			sourceTree = "<group>";
		};
		9CBE663222C22C2D00F7FA5B /* Presenter */ = {
			isa = PBXGroup;
			children = (
				9CBE663522C22C7600F7FA5B /* HomePresenter.swift */,
			);
			path = Presenter;
			sourceTree = "<group>";
		};
		CC17FE3D77F504DF0300474D /* Frameworks */ = {
			isa = PBXGroup;
			children = (
				9F40A3C2EEA08A4A52D4E2CC /* Pods_BNK_APP.framework */,
				6282670696461466599E472D /* Pods_BNK_APPTests.framework */,
				B3FF3F19F9498D974F66DF2E /* Pods_BNK_APPUITests.framework */,
			);
			name = Frameworks;
			sourceTree = "<group>";
		};
/* End PBXGroup section */

/* Begin PBXNativeTarget section */
		9CBE65B422BCC9B900F7FA5B /* BNK_APP */ = {
			isa = PBXNativeTarget;
			buildConfigurationList = 9CBE65DD22BCC9BA00F7FA5B /* Build configuration list for PBXNativeTarget "BNK_APP" */;
			buildPhases = (
				0EE0FFE2AF9366EDAF9B020B /* [CP] Check Pods Manifest.lock */,
				9CBE65B122BCC9B900F7FA5B /* Sources */,
				9CBE65B222BCC9B900F7FA5B /* Frameworks */,
				9CBE65B322BCC9B900F7FA5B /* Resources */,
				EF6E81D86D6372FF2FE98DAC /* [CP] Embed Pods Frameworks */,
			);
			buildRules = (
			);
			dependencies = (
			);
			name = BNK_APP;
			productName = BNK_APP;
			productReference = 9CBE65B522BCC9B900F7FA5B /* BNK_APP.app */;
			productType = "com.apple.product-type.application";
		};
		9CBE65C822BCC9BA00F7FA5B /* BNK_APPTests */ = {
			isa = PBXNativeTarget;
			buildConfigurationList = 9CBE65E022BCC9BA00F7FA5B /* Build configuration list for PBXNativeTarget "BNK_APPTests" */;
			buildPhases = (
				303875DAC4639B4576984B0C /* [CP] Check Pods Manifest.lock */,
				9CBE65C522BCC9BA00F7FA5B /* Sources */,
				9CBE65C622BCC9BA00F7FA5B /* Frameworks */,
				9CBE65C722BCC9BA00F7FA5B /* Resources */,
			);
			buildRules = (
			);
			dependencies = (
				9CBE65CB22BCC9BA00F7FA5B /* PBXTargetDependency */,
			);
			name = BNK_APPTests;
			productName = BNK_APPTests;
			productReference = 9CBE65C922BCC9BA00F7FA5B /* BNK_APPTests.xctest */;
			productType = "com.apple.product-type.bundle.unit-test";
		};
		9CBE65D322BCC9BA00F7FA5B /* BNK_APPUITests */ = {
			isa = PBXNativeTarget;
			buildConfigurationList = 9CBE65E322BCC9BA00F7FA5B /* Build configuration list for PBXNativeTarget "BNK_APPUITests" */;
			buildPhases = (
				D8210F013837FFC988383E34 /* [CP] Check Pods Manifest.lock */,
				9CBE65D022BCC9BA00F7FA5B /* Sources */,
				9CBE65D122BCC9BA00F7FA5B /* Frameworks */,
				9CBE65D222BCC9BA00F7FA5B /* Resources */,
			);
			buildRules = (
			);
			dependencies = (
				9CBE65D622BCC9BA00F7FA5B /* PBXTargetDependency */,
			);
			name = BNK_APPUITests;
			productName = BNK_APPUITests;
			productReference = 9CBE65D422BCC9BA00F7FA5B /* BNK_APPUITests.xctest */;
			productType = "com.apple.product-type.bundle.ui-testing";
		};
/* End PBXNativeTarget section */

/* Begin PBXProject section */
		9CBE65AD22BCC9B900F7FA5B /* Project object */ = {
			isa = PBXProject;
			attributes = {
				LastSwiftUpdateCheck = 1020;
				LastUpgradeCheck = 1020;
				ORGANIZATIONNAME = "Chayawat Suntornrak";
				TargetAttributes = {
					9CBE65B422BCC9B900F7FA5B = {
						CreatedOnToolsVersion = 10.2.1;
					};
					9CBE65C822BCC9BA00F7FA5B = {
						CreatedOnToolsVersion = 10.2.1;
						TestTargetID = 9CBE65B422BCC9B900F7FA5B;
					};
					9CBE65D322BCC9BA00F7FA5B = {
						CreatedOnToolsVersion = 10.2.1;
						TestTargetID = 9CBE65B422BCC9B900F7FA5B;
					};
				};
			};
			buildConfigurationList = 9CBE65B022BCC9B900F7FA5B /* Build configuration list for PBXProject "BNK_APP" */;
			compatibilityVersion = "Xcode 9.3";
			developmentRegion = en;
			hasScannedForEncodings = 0;
			knownRegions = (
				en,
				Base,
			);
			mainGroup = 9CBE65AC22BCC9B900F7FA5B;
			productRefGroup = 9CBE65B622BCC9B900F7FA5B /* Products */;
			projectDirPath = "";
			projectRoot = "";
			targets = (
				9CBE65B422BCC9B900F7FA5B /* BNK_APP */,
				9CBE65C822BCC9BA00F7FA5B /* BNK_APPTests */,
				9CBE65D322BCC9BA00F7FA5B /* BNK_APPUITests */,
			);
		};
/* End PBXProject section */

/* Begin PBXResourcesBuildPhase section */
		9CBE65B322BCC9B900F7FA5B /* Resources */ = {
			isa = PBXResourcesBuildPhase;
			buildActionMask = 2147483647;
			files = (
				9CBE65C322BCC9BA00F7FA5B /* LaunchScreen.storyboard in Resources */,
				9CBE661A22C0CF0B00F7FA5B /* SplashScreen.storyboard in Resources */,
				9CBE660322BCCC5C00F7FA5B /* Schedule.storyboard in Resources */,
				9CBE65C022BCC9BA00F7FA5B /* Assets.xcassets in Resources */,
				9CBE65BE22BCC9B900F7FA5B /* Main.storyboard in Resources */,
				9CBE65FE22BCCB8500F7FA5B /* LoadingXibView.xib in Resources */,
				9CBE662F22C22AD100F7FA5B /* Instagram.storyboard in Resources */,
			);
			runOnlyForDeploymentPostprocessing = 0;
		};
		9CBE65C722BCC9BA00F7FA5B /* Resources */ = {
			isa = PBXResourcesBuildPhase;
			buildActionMask = 2147483647;
			files = (
			);
			runOnlyForDeploymentPostprocessing = 0;
		};
		9CBE65D222BCC9BA00F7FA5B /* Resources */ = {
			isa = PBXResourcesBuildPhase;
			buildActionMask = 2147483647;
			files = (
			);
			runOnlyForDeploymentPostprocessing = 0;
		};
/* End PBXResourcesBuildPhase section */

/* Begin PBXShellScriptBuildPhase section */
		0EE0FFE2AF9366EDAF9B020B /* [CP] Check Pods Manifest.lock */ = {
			isa = PBXShellScriptBuildPhase;
			buildActionMask = 2147483647;
			files = (
			);
			inputFileListPaths = (
			);
			inputPaths = (
				"${PODS_PODFILE_DIR_PATH}/Podfile.lock",
				"${PODS_ROOT}/Manifest.lock",
			);
			name = "[CP] Check Pods Manifest.lock";
			outputFileListPaths = (
			);
			outputPaths = (
				"$(DERIVED_FILE_DIR)/Pods-BNK_APP-checkManifestLockResult.txt",
			);
			runOnlyForDeploymentPostprocessing = 0;
			shellPath = /bin/sh;
			shellScript = "diff \"${PODS_PODFILE_DIR_PATH}/Podfile.lock\" \"${PODS_ROOT}/Manifest.lock\" > /dev/null\nif [ $? != 0 ] ; then\n    # print error to STDERR\n    echo \"error: The sandbox is not in sync with the Podfile.lock. Run 'pod install' or update your CocoaPods installation.\" >&2\n    exit 1\nfi\n# This output is used by Xcode 'outputs' to avoid re-running this script phase.\necho \"SUCCESS\" > \"${SCRIPT_OUTPUT_FILE_0}\"\n";
			showEnvVarsInLog = 0;
		};
		303875DAC4639B4576984B0C /* [CP] Check Pods Manifest.lock */ = {
			isa = PBXShellScriptBuildPhase;
			buildActionMask = 2147483647;
			files = (
			);
			inputFileListPaths = (
			);
			inputPaths = (
				"${PODS_PODFILE_DIR_PATH}/Podfile.lock",
				"${PODS_ROOT}/Manifest.lock",
			);
			name = "[CP] Check Pods Manifest.lock";
			outputFileListPaths = (
			);
			outputPaths = (
				"$(DERIVED_FILE_DIR)/Pods-BNK_APPTests-checkManifestLockResult.txt",
			);
			runOnlyForDeploymentPostprocessing = 0;
			shellPath = /bin/sh;
			shellScript = "diff \"${PODS_PODFILE_DIR_PATH}/Podfile.lock\" \"${PODS_ROOT}/Manifest.lock\" > /dev/null\nif [ $? != 0 ] ; then\n    # print error to STDERR\n    echo \"error: The sandbox is not in sync with the Podfile.lock. Run 'pod install' or update your CocoaPods installation.\" >&2\n    exit 1\nfi\n# This output is used by Xcode 'outputs' to avoid re-running this script phase.\necho \"SUCCESS\" > \"${SCRIPT_OUTPUT_FILE_0}\"\n";
			showEnvVarsInLog = 0;
		};
		D8210F013837FFC988383E34 /* [CP] Check Pods Manifest.lock */ = {
			isa = PBXShellScriptBuildPhase;
			buildActionMask = 2147483647;
			files = (
			);
			inputFileListPaths = (
			);
			inputPaths = (
				"${PODS_PODFILE_DIR_PATH}/Podfile.lock",
				"${PODS_ROOT}/Manifest.lock",
			);
			name = "[CP] Check Pods Manifest.lock";
			outputFileListPaths = (
			);
			outputPaths = (
				"$(DERIVED_FILE_DIR)/Pods-BNK_APPUITests-checkManifestLockResult.txt",
			);
			runOnlyForDeploymentPostprocessing = 0;
			shellPath = /bin/sh;
			shellScript = "diff \"${PODS_PODFILE_DIR_PATH}/Podfile.lock\" \"${PODS_ROOT}/Manifest.lock\" > /dev/null\nif [ $? != 0 ] ; then\n    # print error to STDERR\n    echo \"error: The sandbox is not in sync with the Podfile.lock. Run 'pod install' or update your CocoaPods installation.\" >&2\n    exit 1\nfi\n# This output is used by Xcode 'outputs' to avoid re-running this script phase.\necho \"SUCCESS\" > \"${SCRIPT_OUTPUT_FILE_0}\"\n";
			showEnvVarsInLog = 0;
		};
		EF6E81D86D6372FF2FE98DAC /* [CP] Embed Pods Frameworks */ = {
			isa = PBXShellScriptBuildPhase;
			buildActionMask = 2147483647;
			files = (
			);
			inputFileListPaths = (
			);
			inputPaths = (
				"${PODS_ROOT}/Target Support Files/Pods-BNK_APP/Pods-BNK_APP-frameworks.sh",
				"${BUILT_PRODUCTS_DIR}/Alamofire/Alamofire.framework",
				"${BUILT_PRODUCTS_DIR}/AlamofireImage/AlamofireImage.framework",
				"${BUILT_PRODUCTS_DIR}/AlamofireObjectMapper/AlamofireObjectMapper.framework",
				"${BUILT_PRODUCTS_DIR}/ObjectMapper/ObjectMapper.framework",
			);
			name = "[CP] Embed Pods Frameworks";
			outputFileListPaths = (
			);
			outputPaths = (
				"${TARGET_BUILD_DIR}/${FRAMEWORKS_FOLDER_PATH}/Alamofire.framework",
				"${TARGET_BUILD_DIR}/${FRAMEWORKS_FOLDER_PATH}/AlamofireImage.framework",
				"${TARGET_BUILD_DIR}/${FRAMEWORKS_FOLDER_PATH}/AlamofireObjectMapper.framework",
				"${TARGET_BUILD_DIR}/${FRAMEWORKS_FOLDER_PATH}/ObjectMapper.framework",
			);
			runOnlyForDeploymentPostprocessing = 0;
			shellPath = /bin/sh;
			shellScript = "\"${PODS_ROOT}/Target Support Files/Pods-BNK_APP/Pods-BNK_APP-frameworks.sh\"\n";
			showEnvVarsInLog = 0;
		};
/* End PBXShellScriptBuildPhase section */

/* Begin PBXSourcesBuildPhase section */
		9CBE65B122BCC9B900F7FA5B /* Sources */ = {
			isa = PBXSourcesBuildPhase;
			buildActionMask = 2147483647;
			files = (
				9CBE65F322BCCB7D00F7FA5B /* Font.swift in Sources */,
				9CBE65FF22BCCB8500F7FA5B /* BaseClass.swift in Sources */,
				9CBE65EF22BCCB3E00F7FA5B /* ScheduleVC.swift in Sources */,
				9CBE660F22C08A7800F7FA5B /* Config.swift in Sources */,
				9CBE65F522BCCB7D00F7FA5B /* UiApplication.swift in Sources */,
				9CBE662D22C2259B00F7FA5B /* InstagramPresenter.swift in Sources */,
				9CBE65BB22BCC9B900F7FA5B /* ViewController.swift in Sources */,
				9CBE660622BCCE6500F7FA5B /* BaseApi.swift in Sources */,
				9CBE65F422BCCB7D00F7FA5B /* VC.swift in Sources */,
				9CBE661322C0912C00F7FA5B /* GetScheduleData.swift in Sources */,
				9CBE661522C0970300F7FA5B /* ScheduleViewCell.swift in Sources */,
				9CBE662B22C2252400F7FA5B /* InstagramVC.swift in Sources */,
				9CBE660C22BE7FDA00F7FA5B /* GetSchedule.swift in Sources */,
				9CBE663422C22C3D00F7FA5B /* HomeVC.swift in Sources */,
				9CBE662022C0CF8000F7FA5B /* SplashScreenRouter.swift in Sources */,
				9CBE663622C22C7600F7FA5B /* HomePresenter.swift in Sources */,
				9CBE65FB22BCCB8500F7FA5B /* BaseXibView.swift in Sources */,
				9CBE662222C0CFC500F7FA5B /* BaseRouter.swift in Sources */,
				9CBE65FC22BCCB8500F7FA5B /* Alert.swift in Sources */,
				9CBE65FD22BCCB8500F7FA5B /* LoadingXibView.swift in Sources */,
				9CBE65B922BCC9B900F7FA5B /* AppDelegate.swift in Sources */,
				9CBE661D22C0CF1F00F7FA5B /* SplashScreenVC.swift in Sources */,
				9CBE662522C1D2DE00F7FA5B /* DateFormatComponent.swift in Sources */,
				9CBE660122BCCBF000F7FA5B /* SchedulePresenter.swift in Sources */,
			);
			runOnlyForDeploymentPostprocessing = 0;
		};
		9CBE65C522BCC9BA00F7FA5B /* Sources */ = {
			isa = PBXSourcesBuildPhase;
			buildActionMask = 2147483647;
			files = (
				9CBE65CE22BCC9BA00F7FA5B /* BNK_APPTests.swift in Sources */,
			);
			runOnlyForDeploymentPostprocessing = 0;
		};
		9CBE65D022BCC9BA00F7FA5B /* Sources */ = {
			isa = PBXSourcesBuildPhase;
			buildActionMask = 2147483647;
			files = (
				9CBE65D922BCC9BA00F7FA5B /* BNK_APPUITests.swift in Sources */,
			);
			runOnlyForDeploymentPostprocessing = 0;
		};
/* End PBXSourcesBuildPhase section */

/* Begin PBXTargetDependency section */
		9CBE65CB22BCC9BA00F7FA5B /* PBXTargetDependency */ = {
			isa = PBXTargetDependency;
			target = 9CBE65B422BCC9B900F7FA5B /* BNK_APP */;
			targetProxy = 9CBE65CA22BCC9BA00F7FA5B /* PBXContainerItemProxy */;
		};
		9CBE65D622BCC9BA00F7FA5B /* PBXTargetDependency */ = {
			isa = PBXTargetDependency;
			target = 9CBE65B422BCC9B900F7FA5B /* BNK_APP */;
			targetProxy = 9CBE65D522BCC9BA00F7FA5B /* PBXContainerItemProxy */;
		};
/* End PBXTargetDependency section */

/* Begin PBXVariantGroup section */
		9CBE65BC22BCC9B900F7FA5B /* Main.storyboard */ = {
			isa = PBXVariantGroup;
			children = (
				9CBE65BD22BCC9B900F7FA5B /* Base */,
			);
			name = Main.storyboard;
			sourceTree = "<group>";
		};
		9CBE65C122BCC9BA00F7FA5B /* LaunchScreen.storyboard */ = {
			isa = PBXVariantGroup;
			children = (
				9CBE65C222BCC9BA00F7FA5B /* Base */,
			);
			name = LaunchScreen.storyboard;
			sourceTree = "<group>";
		};
/* End PBXVariantGroup section */

/* Begin XCBuildConfiguration section */
		9CBE65DB22BCC9BA00F7FA5B /* Debug */ = {
			isa = XCBuildConfiguration;
			buildSettings = {
				ALWAYS_SEARCH_USER_PATHS = NO;
				CLANG_ANALYZER_NONNULL = YES;
				CLANG_ANALYZER_NUMBER_OBJECT_CONVERSION = YES_AGGRESSIVE;
				CLANG_CXX_LANGUAGE_STANDARD = "gnu++14";
				CLANG_CXX_LIBRARY = "libc++";
				CLANG_ENABLE_MODULES = YES;
				CLANG_ENABLE_OBJC_ARC = YES;
				CLANG_ENABLE_OBJC_WEAK = YES;
				CLANG_WARN_BLOCK_CAPTURE_AUTORELEASING = YES;
				CLANG_WARN_BOOL_CONVERSION = YES;
				CLANG_WARN_COMMA = YES;
				CLANG_WARN_CONSTANT_CONVERSION = YES;
				CLANG_WARN_DEPRECATED_OBJC_IMPLEMENTATIONS = YES;
				CLANG_WARN_DIRECT_OBJC_ISA_USAGE = YES_ERROR;
				CLANG_WARN_DOCUMENTATION_COMMENTS = YES;
				CLANG_WARN_EMPTY_BODY = YES;
				CLANG_WARN_ENUM_CONVERSION = YES;
				CLANG_WARN_INFINITE_RECURSION = YES;
				CLANG_WARN_INT_CONVERSION = YES;
				CLANG_WARN_NON_LITERAL_NULL_CONVERSION = YES;
				CLANG_WARN_OBJC_IMPLICIT_RETAIN_SELF = YES;
				CLANG_WARN_OBJC_LITERAL_CONVERSION = YES;
				CLANG_WARN_OBJC_ROOT_CLASS = YES_ERROR;
				CLANG_WARN_RANGE_LOOP_ANALYSIS = YES;
				CLANG_WARN_STRICT_PROTOTYPES = YES;
				CLANG_WARN_SUSPICIOUS_MOVE = YES;
				CLANG_WARN_UNGUARDED_AVAILABILITY = YES_AGGRESSIVE;
				CLANG_WARN_UNREACHABLE_CODE = YES;
				CLANG_WARN__DUPLICATE_METHOD_MATCH = YES;
				CODE_SIGN_IDENTITY = "iPhone Developer";
				COPY_PHASE_STRIP = NO;
				DEBUG_INFORMATION_FORMAT = dwarf;
				ENABLE_STRICT_OBJC_MSGSEND = YES;
				ENABLE_TESTABILITY = YES;
				GCC_C_LANGUAGE_STANDARD = gnu11;
				GCC_DYNAMIC_NO_PIC = NO;
				GCC_NO_COMMON_BLOCKS = YES;
				GCC_OPTIMIZATION_LEVEL = 0;
				GCC_PREPROCESSOR_DEFINITIONS = (
					"DEBUG=1",
					"$(inherited)",
				);
				GCC_WARN_64_TO_32_BIT_CONVERSION = YES;
				GCC_WARN_ABOUT_RETURN_TYPE = YES_ERROR;
				GCC_WARN_UNDECLARED_SELECTOR = YES;
				GCC_WARN_UNINITIALIZED_AUTOS = YES_AGGRESSIVE;
				GCC_WARN_UNUSED_FUNCTION = YES;
				GCC_WARN_UNUSED_VARIABLE = YES;
				IPHONEOS_DEPLOYMENT_TARGET = 12.2;
				MTL_ENABLE_DEBUG_INFO = INCLUDE_SOURCE;
				MTL_FAST_MATH = YES;
				ONLY_ACTIVE_ARCH = YES;
				SDKROOT = iphoneos;
				SWIFT_ACTIVE_COMPILATION_CONDITIONS = DEBUG;
				SWIFT_OPTIMIZATION_LEVEL = "-Onone";
			};
			name = Debug;
		};
		9CBE65DC22BCC9BA00F7FA5B /* Release */ = {
			isa = XCBuildConfiguration;
			buildSettings = {
				ALWAYS_SEARCH_USER_PATHS = NO;
				CLANG_ANALYZER_NONNULL = YES;
				CLANG_ANALYZER_NUMBER_OBJECT_CONVERSION = YES_AGGRESSIVE;
				CLANG_CXX_LANGUAGE_STANDARD = "gnu++14";
				CLANG_CXX_LIBRARY = "libc++";
				CLANG_ENABLE_MODULES = YES;
				CLANG_ENABLE_OBJC_ARC = YES;
				CLANG_ENABLE_OBJC_WEAK = YES;
				CLANG_WARN_BLOCK_CAPTURE_AUTORELEASING = YES;
				CLANG_WARN_BOOL_CONVERSION = YES;
				CLANG_WARN_COMMA = YES;
				CLANG_WARN_CONSTANT_CONVERSION = YES;
				CLANG_WARN_DEPRECATED_OBJC_IMPLEMENTATIONS = YES;
				CLANG_WARN_DIRECT_OBJC_ISA_USAGE = YES_ERROR;
				CLANG_WARN_DOCUMENTATION_COMMENTS = YES;
				CLANG_WARN_EMPTY_BODY = YES;
				CLANG_WARN_ENUM_CONVERSION = YES;
				CLANG_WARN_INFINITE_RECURSION = YES;
				CLANG_WARN_INT_CONVERSION = YES;
				CLANG_WARN_NON_LITERAL_NULL_CONVERSION = YES;
				CLANG_WARN_OBJC_IMPLICIT_RETAIN_SELF = YES;
				CLANG_WARN_OBJC_LITERAL_CONVERSION = YES;
				CLANG_WARN_OBJC_ROOT_CLASS = YES_ERROR;
				CLANG_WARN_RANGE_LOOP_ANALYSIS = YES;
				CLANG_WARN_STRICT_PROTOTYPES = YES;
				CLANG_WARN_SUSPICIOUS_MOVE = YES;
				CLANG_WARN_UNGUARDED_AVAILABILITY = YES_AGGRESSIVE;
				CLANG_WARN_UNREACHABLE_CODE = YES;
				CLANG_WARN__DUPLICATE_METHOD_MATCH = YES;
				CODE_SIGN_IDENTITY = "iPhone Developer";
				COPY_PHASE_STRIP = NO;
				DEBUG_INFORMATION_FORMAT = "dwarf-with-dsym";
				ENABLE_NS_ASSERTIONS = NO;
				ENABLE_STRICT_OBJC_MSGSEND = YES;
				GCC_C_LANGUAGE_STANDARD = gnu11;
				GCC_NO_COMMON_BLOCKS = YES;
				GCC_WARN_64_TO_32_BIT_CONVERSION = YES;
				GCC_WARN_ABOUT_RETURN_TYPE = YES_ERROR;
				GCC_WARN_UNDECLARED_SELECTOR = YES;
				GCC_WARN_UNINITIALIZED_AUTOS = YES_AGGRESSIVE;
				GCC_WARN_UNUSED_FUNCTION = YES;
				GCC_WARN_UNUSED_VARIABLE = YES;
				IPHONEOS_DEPLOYMENT_TARGET = 12.2;
				MTL_ENABLE_DEBUG_INFO = NO;
				MTL_FAST_MATH = YES;
				SDKROOT = iphoneos;
				SWIFT_COMPILATION_MODE = wholemodule;
				SWIFT_OPTIMIZATION_LEVEL = "-O";
				VALIDATE_PRODUCT = YES;
			};
			name = Release;
		};
		9CBE65DE22BCC9BA00F7FA5B /* Debug */ = {
			isa = XCBuildConfiguration;
			baseConfigurationReference = 52E3B28A2B1A0C3BB8C6D6D5 /* Pods-BNK_APP.debug.xcconfig */;
			buildSettings = {
				ASSETCATALOG_COMPILER_APPICON_NAME = AppIcon;
				CODE_SIGN_STYLE = Automatic;
				DEVELOPMENT_TEAM = 98SVP6YBGF;
				INFOPLIST_FILE = BNK_APP/Info.plist;
				IPHONEOS_DEPLOYMENT_TARGET = 10.3;
				LD_RUNPATH_SEARCH_PATHS = (
					"$(inherited)",
					"@executable_path/Frameworks",
				);
				PRODUCT_BUNDLE_IDENTIFIER = "chayarak.BNK-APP";
				PRODUCT_NAME = "$(TARGET_NAME)";
				SWIFT_VERSION = 5.0;
				TARGETED_DEVICE_FAMILY = "1,2";
			};
			name = Debug;
		};
		9CBE65DF22BCC9BA00F7FA5B /* Release */ = {
			isa = XCBuildConfiguration;
			baseConfigurationReference = B80C416DF16544FB86772D16 /* Pods-BNK_APP.release.xcconfig */;
			buildSettings = {
				ASSETCATALOG_COMPILER_APPICON_NAME = AppIcon;
				CODE_SIGN_STYLE = Automatic;
				DEVELOPMENT_TEAM = 98SVP6YBGF;
				INFOPLIST_FILE = BNK_APP/Info.plist;
				IPHONEOS_DEPLOYMENT_TARGET = 10.3;
				LD_RUNPATH_SEARCH_PATHS = (
					"$(inherited)",
					"@executable_path/Frameworks",
				);
				PRODUCT_BUNDLE_IDENTIFIER = "chayarak.BNK-APP";
				PRODUCT_NAME = "$(TARGET_NAME)";
				SWIFT_VERSION = 5.0;
				TARGETED_DEVICE_FAMILY = "1,2";
			};
			name = Release;
		};
		9CBE65E122BCC9BA00F7FA5B /* Debug */ = {
			isa = XCBuildConfiguration;
			baseConfigurationReference = A69FA7589969482ADA2A7EBA /* Pods-BNK_APPTests.debug.xcconfig */;
			buildSettings = {
				ALWAYS_EMBED_SWIFT_STANDARD_LIBRARIES = YES;
				BUNDLE_LOADER = "$(TEST_HOST)";
				CODE_SIGN_STYLE = Automatic;
				DEVELOPMENT_TEAM = 98SVP6YBGF;
				INFOPLIST_FILE = BNK_APPTests/Info.plist;
				LD_RUNPATH_SEARCH_PATHS = (
					"$(inherited)",
					"@executable_path/Frameworks",
					"@loader_path/Frameworks",
				);
				PRODUCT_BUNDLE_IDENTIFIER = "chayarak.BNK-APPTests";
				PRODUCT_NAME = "$(TARGET_NAME)";
				SWIFT_VERSION = 5.0;
				TARGETED_DEVICE_FAMILY = "1,2";
				TEST_HOST = "$(BUILT_PRODUCTS_DIR)/BNK_APP.app/BNK_APP";
			};
			name = Debug;
		};
		9CBE65E222BCC9BA00F7FA5B /* Release */ = {
			isa = XCBuildConfiguration;
			baseConfigurationReference = E9609D99F8E5122B7AF5088C /* Pods-BNK_APPTests.release.xcconfig */;
			buildSettings = {
				ALWAYS_EMBED_SWIFT_STANDARD_LIBRARIES = YES;
				BUNDLE_LOADER = "$(TEST_HOST)";
				CODE_SIGN_STYLE = Automatic;
				DEVELOPMENT_TEAM = 98SVP6YBGF;
				INFOPLIST_FILE = BNK_APPTests/Info.plist;
				LD_RUNPATH_SEARCH_PATHS = (
					"$(inherited)",
					"@executable_path/Frameworks",
					"@loader_path/Frameworks",
				);
				PRODUCT_BUNDLE_IDENTIFIER = "chayarak.BNK-APPTests";
				PRODUCT_NAME = "$(TARGET_NAME)";
				SWIFT_VERSION = 5.0;
				TARGETED_DEVICE_FAMILY = "1,2";
				TEST_HOST = "$(BUILT_PRODUCTS_DIR)/BNK_APP.app/BNK_APP";
			};
			name = Release;
		};
		9CBE65E422BCC9BA00F7FA5B /* Debug */ = {
			isa = XCBuildConfiguration;
			baseConfigurationReference = B689E3A4DC6797E8D15B67E7 /* Pods-BNK_APPUITests.debug.xcconfig */;
			buildSettings = {
				ALWAYS_EMBED_SWIFT_STANDARD_LIBRARIES = YES;
				CODE_SIGN_STYLE = Automatic;
				DEVELOPMENT_TEAM = 98SVP6YBGF;
				INFOPLIST_FILE = BNK_APPUITests/Info.plist;
				LD_RUNPATH_SEARCH_PATHS = (
					"$(inherited)",
					"@executable_path/Frameworks",
					"@loader_path/Frameworks",
				);
				PRODUCT_BUNDLE_IDENTIFIER = "chayarak.BNK-APPUITests";
				PRODUCT_NAME = "$(TARGET_NAME)";
				SWIFT_VERSION = 5.0;
				TARGETED_DEVICE_FAMILY = "1,2";
				TEST_TARGET_NAME = BNK_APP;
			};
			name = Debug;
		};
		9CBE65E522BCC9BA00F7FA5B /* Release */ = {
			isa = XCBuildConfiguration;
			baseConfigurationReference = F42A644F609AE4FDBFACBD9D /* Pods-BNK_APPUITests.release.xcconfig */;
			buildSettings = {
				ALWAYS_EMBED_SWIFT_STANDARD_LIBRARIES = YES;
				CODE_SIGN_STYLE = Automatic;
				DEVELOPMENT_TEAM = 98SVP6YBGF;
				INFOPLIST_FILE = BNK_APPUITests/Info.plist;
				LD_RUNPATH_SEARCH_PATHS = (
					"$(inherited)",
					"@executable_path/Frameworks",
					"@loader_path/Frameworks",
				);
				PRODUCT_BUNDLE_IDENTIFIER = "chayarak.BNK-APPUITests";
				PRODUCT_NAME = "$(TARGET_NAME)";
				SWIFT_VERSION = 5.0;
				TARGETED_DEVICE_FAMILY = "1,2";
				TEST_TARGET_NAME = BNK_APP;
			};
			name = Release;
		};
/* End XCBuildConfiguration section */

/* Begin XCConfigurationList section */
		9CBE65B022BCC9B900F7FA5B /* Build configuration list for PBXProject "BNK_APP" */ = {
			isa = XCConfigurationList;
			buildConfigurations = (
				9CBE65DB22BCC9BA00F7FA5B /* Debug */,
				9CBE65DC22BCC9BA00F7FA5B /* Release */,
			);
			defaultConfigurationIsVisible = 0;
			defaultConfigurationName = Release;
		};
		9CBE65DD22BCC9BA00F7FA5B /* Build configuration list for PBXNativeTarget "BNK_APP" */ = {
			isa = XCConfigurationList;
			buildConfigurations = (
				9CBE65DE22BCC9BA00F7FA5B /* Debug */,
				9CBE65DF22BCC9BA00F7FA5B /* Release */,
			);
			defaultConfigurationIsVisible = 0;
			defaultConfigurationName = Release;
		};
		9CBE65E022BCC9BA00F7FA5B /* Build configuration list for PBXNativeTarget "BNK_APPTests" */ = {
			isa = XCConfigurationList;
			buildConfigurations = (
				9CBE65E122BCC9BA00F7FA5B /* Debug */,
				9CBE65E222BCC9BA00F7FA5B /* Release */,
			);
			defaultConfigurationIsVisible = 0;
			defaultConfigurationName = Release;
		};
		9CBE65E322BCC9BA00F7FA5B /* Build configuration list for PBXNativeTarget "BNK_APPUITests" */ = {
			isa = XCConfigurationList;
			buildConfigurations = (
				9CBE65E422BCC9BA00F7FA5B /* Debug */,
				9CBE65E522BCC9BA00F7FA5B /* Release */,
			);
			defaultConfigurationIsVisible = 0;
			defaultConfigurationName = Release;
		};
/* End XCConfigurationList section */
	};
	rootObject = 9CBE65AD22BCC9B900F7FA5B /* Project object */;
}
